# generated by rye
# use `rye lock` or `rye sync` to update this lockfile
#
# last locked with the following flags:
#   pre: false
#   features: []
#   all-features: false
#   with-sources: false
#   generate-hashes: false
#   universal: false

-e file:.
beautifulsoup4==4.12.3
    # via feedfinder2
    # via news-provider-api
    # via newspaper3k
certifi==2024.7.4
    # via requests
charset-normalizer==3.3.2
    # via requests
click==8.1.7
    # via nltk
colorama==0.4.6
    # via click
    # via tqdm
cssselect==1.2.0
    # via newspaper3k
feedfinder2==0.0.4
    # via newspaper3k
feedparser==6.0.11
    # via newspaper3k
filelock==3.15.4
    # via tldextract
idna==3.7
    # via requests
    # via tldextract
jieba3k==0.35.1
    # via newspaper3k
joblib==1.4.2
    # via nltk
lxml==5.3.0
    # via lxml-html-clean
    # via news-provider-api
    # via newspaper3k
lxml-html-clean==0.2.0
    # via lxml
newspaper3k==0.2.8
    # via news-provider-api
nltk==3.8.2
    # via newspaper3k
pillow==10.4.0
    # via newspaper3k
psycopg2-binary==2.9.9
    # via news-provider-api
python-dateutil==2.9.0.post0
    # via newspaper3k
pyyaml==6.0.2
    # via newspaper3k
regex==2024.7.24
    # via nltk
requests==2.32.3
    # via feedfinder2
    # via newspaper3k
    # via requests-file
    # via tldextract
requests-file==2.1.0
    # via tldextract
sgmllib3k==1.0.0
    # via feedparser
six==1.16.0
    # via feedfinder2
    # via python-dateutil
soupsieve==2.5
    # via beautifulsoup4
tinysegmenter==0.3
    # via newspaper3k
tldextract==5.1.2
    # via newspaper3k
tqdm==4.66.5
    # via nltk
urllib3==2.2.2
    # via requests
